
Microsoft Visual Studio Solution File, Format Version 12.00
# Visual Studio 15
VisualStudioVersion = 15.0.28307.271
MinimumVisualStudioVersion = 10.0.40219.1
Project("{FAE04EC0-301F-11D3-BF4B-00C04F79EFBC}") = "Wataha", "Wataha\Wataha.csproj", "{22A6E99C-8546-401F-9429-09C8E259BB1E}"
EndProject
Project("{FAE04EC0-301F-11D3-BF4B-00C04F79EFBC}") = "WatahaSkinnedModelPipeline", "WatahaSkinnedModelPipeline\WatahaSkinnedModelPipeline.csproj", "{4220C77D-7A5A-41D8-BCF8-D7EBEA5DF1BE}"
EndProject
Project("{FAE04EC0-301F-11D3-BF4B-00C04F79EFBC}") = "WatahaSkinnedModel", "WatahaSkinnedModel\WatahaSkinnedModel.csproj", "{D23396E0-4210-4A36-B1EC-259B8519D661}"
EndProject
Global
	GlobalSection(SolutionConfigurationPlatforms) = preSolution
		Debug|Any CPU = Debug|Any CPU
		Debug|ARM = Debug|ARM
		Debug|x64 = Debug|x64
		Debug|x86 = Debug|x86
		Release|Any CPU = Release|Any CPU
		Release|ARM = Release|ARM
		Release|x64 = Release|x64
		Release|x86 = Release|x86
	EndGlobalSection
	GlobalSection(ProjectConfigurationPlatforms) = postSolution
		{22A6E99C-8546-401F-9429-09C8E259BB1E}.Debug|Any CPU.ActiveCfg = Debug|x86
		{22A6E99C-8546-401F-9429-09C8E259BB1E}.Debug|Any CPU.Build.0 = Debug|x86
		{22A6E99C-8546-401F-9429-09C8E259BB1E}.Debug|ARM.ActiveCfg = Debug|x86
		{22A6E99C-8546-401F-9429-09C8E259BB1E}.Debug|x64.ActiveCfg = Debug|x86
		{22A6E99C-8546-401F-9429-09C8E259BB1E}.Debug|x64.Build.0 = Debug|x86
		{22A6E99C-8546-401F-9429-09C8E259BB1E}.Debug|x86.ActiveCfg = Release|x86
		{22A6E99C-8546-401F-9429-09C8E259BB1E}.Debug|x86.Build.0 = Release|x86
		{22A6E99C-8546-401F-9429-09C8E259BB1E}.Release|Any CPU.ActiveCfg = Release|x86
		{22A6E99C-8546-401F-9429-09C8E259BB1E}.Release|Any CPU.Build.0 = Release|x86
		{22A6E99C-8546-401F-9429-09C8E259BB1E}.Release|ARM.ActiveCfg = Release|x86
		{22A6E99C-8546-401F-9429-09C8E259BB1E}.Release|x64.ActiveCfg = Release|x86
		{22A6E99C-8546-401F-9429-09C8E259BB1E}.Release|x86.ActiveCfg = Release|x86
		{22A6E99C-8546-401F-9429-09C8E259BB1E}.Release|x86.Build.0 = Release|x86
		{4220C77D-7A5A-41D8-BCF8-D7EBEA5DF1BE}.Debug|Any CPU.ActiveCfg = Debug|Any CPU
		{4220C77D-7A5A-41D8-BCF8-D7EBEA5DF1BE}.Debug|Any CPU.Build.0 = Debug|Any CPU
		{4220C77D-7A5A-41D8-BCF8-D7EBEA5DF1BE}.Debug|ARM.ActiveCfg = Debug|Any CPU
		{4220C77D-7A5A-41D8-BCF8-D7EBEA5DF1BE}.Debug|ARM.Build.0 = Debug|Any CPU
		{4220C77D-7A5A-41D8-BCF8-D7EBEA5DF1BE}.Debug|x64.ActiveCfg = Debug|Any CPU
		{4220C77D-7A5A-41D8-BCF8-D7EBEA5DF1BE}.Debug|x64.Build.0 = Debug|Any CPU
		{4220C77D-7A5A-41D8-BCF8-D7EBEA5DF1BE}.Debug|x86.ActiveCfg = Debug|Any CPU
		{4220C77D-7A5A-41D8-BCF8-D7EBEA5DF1BE}.Debug|x86.Build.0 = Debug|Any CPU
		{4220C77D-7A5A-41D8-BCF8-D7EBEA5DF1BE}.Release|Any CPU.ActiveCfg = Release|Any CPU
		{4220C77D-7A5A-41D8-BCF8-D7EBEA5DF1BE}.Release|Any CPU.Build.0 = Release|Any CPU
		{4220C77D-7A5A-41D8-BCF8-D7EBEA5DF1BE}.Release|ARM.ActiveCfg = Release|Any CPU
		{4220C77D-7A5A-41D8-BCF8-D7EBEA5DF1BE}.Release|ARM.Build.0 = Release|Any CPU
		{4220C77D-7A5A-41D8-BCF8-D7EBEA5DF1BE}.Release|x64.ActiveCfg = Release|Any CPU
		{4220C77D-7A5A-41D8-BCF8-D7EBEA5DF1BE}.Release|x64.Build.0 = Release|Any CPU
		{4220C77D-7A5A-41D8-BCF8-D7EBEA5DF1BE}.Release|x86.ActiveCfg = Release|Any CPU
		{D23396E0-4210-4A36-B1EC-259B8519D661}.Debug|Any CPU.ActiveCfg = Debug|Any CPU
		{D23396E0-4210-4A36-B1EC-259B8519D661}.Debug|Any CPU.Build.0 = Debug|Any CPU
		{D23396E0-4210-4A36-B1EC-259B8519D661}.Debug|ARM.ActiveCfg = Debug|Any CPU
		{D23396E0-4210-4A36-B1EC-259B8519D661}.Debug|ARM.Build.0 = Debug|Any CPU
		{D23396E0-4210-4A36-B1EC-259B8519D661}.Debug|x64.ActiveCfg = Debug|Any CPU
		{D23396E0-4210-4A36-B1EC-259B8519D661}.Debug|x64.Build.0 = Debug|Any CPU
		{D23396E0-4210-4A36-B1EC-259B8519D661}.Debug|x86.ActiveCfg = Debug|Any CPU
		{D23396E0-4210-4A36-B1EC-259B8519D661}.Debug|x86.Build.0 = Debug|Any CPU
		{D23396E0-4210-4A36-B1EC-259B8519D661}.Release|Any CPU.ActiveCfg = Release|Any CPU
		{D23396E0-4210-4A36-B1EC-259B8519D661}.Release|Any CPU.Build.0 = Release|Any CPU
		{D23396E0-4210-4A36-B1EC-259B8519D661}.Release|ARM.ActiveCfg = Release|Any CPU
		{D23396E0-4210-4A36-B1EC-259B8519D661}.Release|ARM.Build.0 = Release|Any CPU
		{D23396E0-4210-4A36-B1EC-259B8519D661}.Release|x64.ActiveCfg = Release|Any CPU
		{D23396E0-4210-4A36-B1EC-259B8519D661}.Release|x64.Build.0 = Release|Any CPU
		{D23396E0-4210-4A36-B1EC-259B8519D661}.Release|x86.ActiveCfg = Release|Any CPU
	EndGlobalSection
	GlobalSection(SolutionProperties) = preSolution
		HideSolutionNode = FALSE
	EndGlobalSection
	GlobalSection(ExtensibilityGlobals) = postSolution
		SolutionGuid = {AE45BB56-68FD-44E6-84DD-50EFAE07E683}
	EndGlobalSection
EndGlobal
